
Microsoft Visual Studio Solution File, Format Version 12.00
# Visual Studio Version 17
VisualStudioVersion = 17.13.35931.197 d17.13
MinimumVisualStudioVersion = 10.0.40219.1
Project("{FAE04EC0-301F-11D3-BF4B-00C04F79EFBC}") = "OneTimeSecretClone", "OneTimeSecretClone\OneTimeSecretClone.csproj", "{9770E112-136F-4ACE-85E1-A7EA4B138AAB}"
EndProject
Global
	GlobalSection(SolutionConfigurationPlatforms) = preSolution
		Debug|Any CPU = Debug|Any CPU
		Release|Any CPU = Release|Any CPU
	EndGlobalSection
	GlobalSection(ProjectConfigurationPlatforms) = postSolution
		{9770E112-136F-4ACE-85E1-A7EA4B138AAB}.Debug|Any CPU.ActiveCfg = Debug|Any CPU
		{9770E112-136F-4ACE-85E1-A7EA4B138AAB}.Debug|Any CPU.Build.0 = Debug|Any CPU
		{9770E112-136F-4ACE-85E1-A7EA4B138AAB}.Release|Any CPU.ActiveCfg = Release|Any CPU
		{9770E112-136F-4ACE-85E1-A7EA4B138AAB}.Release|Any CPU.Build.0 = Release|Any CPU
	EndGlobalSection
	GlobalSection(SolutionProperties) = preSolution
		HideSolutionNode = FALSE
	EndGlobalSection
	GlobalSection(ExtensibilityGlobals) = postSolution
		SolutionGuid = {C38B384A-7F9B-4F2A-8429-F313A6BD9208}
	EndGlobalSection
EndGlobal
